
Microsoft Visual Studio Solution File, Format Version 12.00
# Visual Studio Version 17
VisualStudioVersion = 17.3.32819.101
MinimumVisualStudioVersion = 10.0.40219.1
Project("{FAE04EC0-301F-11D3-BF4B-00C04F79EFBC}") = "PruebaTecnicaCrud", "PruebaTecnicaCrud\PruebaTecnicaCrud.csproj", "{980BCEDA-D154-4D0E-83D7-1D56FF4489FE}"
EndProject
Global
	GlobalSection(SolutionConfigurationPlatforms) = preSolution
		Debug|Any CPU = Debug|Any CPU
		Release|Any CPU = Release|Any CPU
	EndGlobalSection
	GlobalSection(ProjectConfigurationPlatforms) = postSolution
		{980BCEDA-D154-4D0E-83D7-1D56FF4489FE}.Debug|Any CPU.ActiveCfg = Debug|Any CPU
		{980BCEDA-D154-4D0E-83D7-1D56FF4489FE}.Debug|Any CPU.Build.0 = Debug|Any CPU
		{980BCEDA-D154-4D0E-83D7-1D56FF4489FE}.Release|Any CPU.ActiveCfg = Release|Any CPU
		{980BCEDA-D154-4D0E-83D7-1D56FF4489FE}.Release|Any CPU.Build.0 = Release|Any CPU
	EndGlobalSection
	GlobalSection(SolutionProperties) = preSolution
		HideSolutionNode = FALSE
	EndGlobalSection
	GlobalSection(ExtensibilityGlobals) = postSolution
		SolutionGuid = {4E516775-312D-44AA-BECA-BED7C6216340}
	EndGlobalSection
EndGlobal
